
Microsoft Visual Studio Solution File, Format Version 12.00
# Visual Studio Version 16
VisualStudioVersion = 16.0.30104.148
MinimumVisualStudioVersion = 10.0.40219.1
Project("{9A19103F-16F7-4668-BE54-9A1E7A4F7556}") = "BelajarCS", "BelajarCS\BelajarCS.csproj", "{9CA554DF-D27B-4EAB-98A9-EB930F00C411}"
EndProject
Project("{9A19103F-16F7-4668-BE54-9A1E7A4F7556}") = "Common", "Common\Common.csproj", "{BBB6A5C9-B654-4D6A-801C-77DF574F1B7E}"
EndProject
Project("{9A19103F-16F7-4668-BE54-9A1E7A4F7556}") = "AssemblyOne", "AssemblyOne\AssemblyOne.csproj", "{B53C5C83-4C01-4C21-80CE-EBCC59D374B1}"
EndProject
Project("{9A19103F-16F7-4668-BE54-9A1E7A4F7556}") = "AssemblyTwo", "AssemblyTwo\AssemblyTwo.csproj", "{6FF9CB94-D4EF-4AEB-963F-D43DB8A7EEC5}"
EndProject
Global
	GlobalSection(SolutionConfigurationPlatforms) = preSolution
		Debug|Any CPU = Debug|Any CPU
		Release|Any CPU = Release|Any CPU
	EndGlobalSection
	GlobalSection(ProjectConfigurationPlatforms) = postSolution
		{9CA554DF-D27B-4EAB-98A9-EB930F00C411}.Debug|Any CPU.ActiveCfg = Debug|Any CPU
		{9CA554DF-D27B-4EAB-98A9-EB930F00C411}.Debug|Any CPU.Build.0 = Debug|Any CPU
		{9CA554DF-D27B-4EAB-98A9-EB930F00C411}.Release|Any CPU.ActiveCfg = Release|Any CPU
		{9CA554DF-D27B-4EAB-98A9-EB930F00C411}.Release|Any CPU.Build.0 = Release|Any CPU
		{BBB6A5C9-B654-4D6A-801C-77DF574F1B7E}.Debug|Any CPU.ActiveCfg = Debug|Any CPU
		{BBB6A5C9-B654-4D6A-801C-77DF574F1B7E}.Debug|Any CPU.Build.0 = Debug|Any CPU
		{BBB6A5C9-B654-4D6A-801C-77DF574F1B7E}.Release|Any CPU.ActiveCfg = Release|Any CPU
		{BBB6A5C9-B654-4D6A-801C-77DF574F1B7E}.Release|Any CPU.Build.0 = Release|Any CPU
		{B53C5C83-4C01-4C21-80CE-EBCC59D374B1}.Debug|Any CPU.ActiveCfg = Debug|Any CPU
		{B53C5C83-4C01-4C21-80CE-EBCC59D374B1}.Debug|Any CPU.Build.0 = Debug|Any CPU
		{B53C5C83-4C01-4C21-80CE-EBCC59D374B1}.Release|Any CPU.ActiveCfg = Release|Any CPU
		{B53C5C83-4C01-4C21-80CE-EBCC59D374B1}.Release|Any CPU.Build.0 = Release|Any CPU
		{6FF9CB94-D4EF-4AEB-963F-D43DB8A7EEC5}.Debug|Any CPU.ActiveCfg = Debug|Any CPU
		{6FF9CB94-D4EF-4AEB-963F-D43DB8A7EEC5}.Debug|Any CPU.Build.0 = Debug|Any CPU
		{6FF9CB94-D4EF-4AEB-963F-D43DB8A7EEC5}.Release|Any CPU.ActiveCfg = Release|Any CPU
		{6FF9CB94-D4EF-4AEB-963F-D43DB8A7EEC5}.Release|Any CPU.Build.0 = Release|Any CPU
	EndGlobalSection
	GlobalSection(SolutionProperties) = preSolution
		HideSolutionNode = FALSE
	EndGlobalSection
	GlobalSection(ExtensibilityGlobals) = postSolution
		SolutionGuid = {FD408E3C-A997-4E53-93F8-656AD281AD2C}
	EndGlobalSection
EndGlobal
